// !$*UTF8*$!
{
	archiveVersion = 1;
	classes = {
	};
	objectVersion = 46;
	objects = {

/* Begin PBXBuildFile section */
		081B3C741E2115300086D1CE /* AppDelegate.swift in Sources */ = {isa = PBXBuildFile; fileRef = 081B3C731E2115300086D1CE /* AppDelegate.swift */; };
		081B3C761E2115300086D1CE /* ViewController.swift in Sources */ = {isa = PBXBuildFile; fileRef = 081B3C751E2115300086D1CE /* ViewController.swift */; };
		081B3C791E2115310086D1CE /* Main.storyboard in Resources */ = {isa = PBXBuildFile; fileRef = 081B3C771E2115310086D1CE /* Main.storyboard */; };
		081B3C7B1E2115310086D1CE /* Assets.xcassets in Resources */ = {isa = PBXBuildFile; fileRef = 081B3C7A1E2115310086D1CE /* Assets.xcassets */; };
		081B3C7E1E2115310086D1CE /* LaunchScreen.storyboard in Resources */ = {isa = PBXBuildFile; fileRef = 081B3C7C1E2115310086D1CE /* LaunchScreen.storyboard */; };
		081B3C891E2115310086D1CE /* CodeChallengeTests.swift in Sources */ = {isa = PBXBuildFile; fileRef = 081B3C881E2115310086D1CE /* CodeChallengeTests.swift */; };
/* End PBXBuildFile section */

/* Begin PBXContainerItemProxy section */
		081B3C851E2115310086D1CE /* PBXContainerItemProxy */ = {
			isa = PBXContainerItemProxy;
			containerPortal = 081B3C681E2115300086D1CE /* Project object */;
			proxyType = 1;
			remoteGlobalIDString = 081B3C6F1E2115300086D1CE;
			remoteInfo = CodeChallenge;
		};
/* End PBXContainerItemProxy section */

/* Begin PBXFileReference section */
		081B3C701E2115300086D1CE /* CodeChallenge.app */ = {isa = PBXFileReference; explicitFileType = wrapper.application; includeInIndex = 0; path = CodeChallenge.app; sourceTree = BUILT_PRODUCTS_DIR; };
		081B3C731E2115300086D1CE /* AppDelegate.swift */ = {isa = PBXFileReference; lastKnownFileType = sourcecode.swift; path = AppDelegate.swift; sourceTree = "<group>"; };
		081B3C751E2115300086D1CE /* ViewController.swift */ = {isa = PBXFileReference; lastKnownFileType = sourcecode.swift; path = ViewController.swift; sourceTree = "<group>"; };
		081B3C781E2115310086D1CE /* Base */ = {isa = PBXFileReference; lastKnownFileType = file.storyboard; name = Base; path = Base.lproj/Main.storyboard; sourceTree = "<group>"; };
		081B3C7A1E2115310086D1CE /* Assets.xcassets */ = {isa = PBXFileReference; lastKnownFileType = folder.assetcatalog; path = Assets.xcassets; sourceTree = "<group>"; };
		081B3C7D1E2115310086D1CE /* Base */ = {isa = PBXFileReference; lastKnownFileType = file.storyboard; name = Base; path = Base.lproj/LaunchScreen.storyboard; sourceTree = "<group>"; };
		081B3C7F1E2115310086D1CE /* Info.plist */ = {isa = PBXFileReference; lastKnownFileType = text.plist.xml; path = Info.plist; sourceTree = "<group>"; };
		081B3C841E2115310086D1CE /* CodeChallengeTests.xctest */ = {isa = PBXFileReference; explicitFileType = wrapper.cfbundle; includeInIndex = 0; path = CodeChallengeTests.xctest; sourceTree = BUILT_PRODUCTS_DIR; };
		081B3C881E2115310086D1CE /* CodeChallengeTests.swift */ = {isa = PBXFileReference; lastKnownFileType = sourcecode.swift; path = CodeChallengeTests.swift; sourceTree = "<group>"; };
		081B3C8A1E2115310086D1CE /* Info.plist */ = {isa = PBXFileReference; lastKnownFileType = text.plist.xml; path = Info.plist; sourceTree = "<group>"; };
/* End PBXFileReference section */

/* Begin PBXFrameworksBuildPhase section */
		081B3C6D1E2115300086D1CE /* Frameworks */ = {
			isa = PBXFrameworksBuildPhase;
			buildActionMask = 2147483647;
			files = (
			);
			runOnlyForDeploymentPostprocessing = 0;
		};
		081B3C811E2115310086D1CE /* Frameworks */ = {
			isa = PBXFrameworksBuildPhase;
			buildActionMask = 2147483647;
			files = (
			);
			runOnlyForDeploymentPostprocessing = 0;
		};
/* End PBXFrameworksBuildPhase section */

/* Begin PBXGroup section */
		081B3C671E2115300086D1CE = {
			isa = PBXGroup;
			children = (
				081B3C721E2115300086D1CE /* CodeChallenge */,
				081B3C871E2115310086D1CE /* CodeChallengeTests */,
				081B3C711E2115300086D1CE /* Products */,
			);
			sourceTree = "<group>";
		};
		081B3C711E2115300086D1CE /* Products */ = {
			isa = PBXGroup;
			children = (
				081B3C701E2115300086D1CE /* CodeChallenge.app */,
				081B3C841E2115310086D1CE /* CodeChallengeTests.xctest */,
			);
			name = Products;
			sourceTree = "<group>";
		};
		081B3C721E2115300086D1CE /* CodeChallenge */ = {
			isa = PBXGroup;
			children = (
				081B3C731E2115300086D1CE /* AppDelegate.swift */,
				081B3C751E2115300086D1CE /* ViewController.swift */,
				081B3C771E2115310086D1CE /* Main.storyboard */,
				081B3C7A1E2115310086D1CE /* Assets.xcassets */,
				081B3C7C1E2115310086D1CE /* LaunchScreen.storyboard */,
				081B3C7F1E2115310086D1CE /* Info.plist */,
			);
			path = CodeChallenge;
			sourceTree = "<group>";
		};
		081B3C871E2115310086D1CE /* CodeChallengeTests */ = {
			isa = PBXGroup;
			children = (
				081B3C881E2115310086D1CE /* CodeChallengeTests.swift */,
				081B3C8A1E2115310086D1CE /* Info.plist */,
			);
			path = CodeChallengeTests;
			sourceTree = "<group>";
		};
/* End PBXGroup section */

/* Begin PBXNativeTarget section */
		081B3C6F1E2115300086D1CE /* CodeChallenge */ = {
			isa = PBXNativeTarget;
			buildConfigurationList = 081B3C8D1E2115310086D1CE /* Build configuration list for PBXNativeTarget "CodeChallenge" */;
			buildPhases = (
				081B3C6C1E2115300086D1CE /* Sources */,
				081B3C6D1E2115300086D1CE /* Frameworks */,
				081B3C6E1E2115300086D1CE /* Resources */,
			);
			buildRules = (
			);
			dependencies = (
			);
			name = CodeChallenge;
			productName = CodeChallenge;
			productReference = 081B3C701E2115300086D1CE /* CodeChallenge.app */;
			productType = "com.apple.product-type.application";
		};
		081B3C831E2115310086D1CE /* CodeChallengeTests */ = {
			isa = PBXNativeTarget;
			buildConfigurationList = 081B3C901E2115310086D1CE /* Build configuration list for PBXNativeTarget "CodeChallengeTests" */;
			buildPhases = (
				081B3C801E2115310086D1CE /* Sources */,
				081B3C811E2115310086D1CE /* Frameworks */,
				081B3C821E2115310086D1CE /* Resources */,
			);
			buildRules = (
			);
			dependencies = (
				081B3C861E2115310086D1CE /* PBXTargetDependency */,
			);
			name = CodeChallengeTests;
			productName = CodeChallengeTests;
			productReference = 081B3C841E2115310086D1CE /* CodeChallengeTests.xctest */;
			productType = "com.apple.product-type.bundle.unit-test";
		};
/* End PBXNativeTarget section */

/* Begin PBXProject section */
		081B3C681E2115300086D1CE /* Project object */ = {
			isa = PBXProject;
			attributes = {
				LastSwiftUpdateCheck = 0820;
				LastUpgradeCheck = 0820;
				ORGANIZATIONNAME = "Jose Torres";
				TargetAttributes = {
					081B3C6F1E2115300086D1CE = {
						CreatedOnToolsVersion = 8.2.1;
						DevelopmentTeam = 7QN6NJ95ZV;
						ProvisioningStyle = Manual;
					};
					081B3C831E2115310086D1CE = {
						CreatedOnToolsVersion = 8.2.1;
						ProvisioningStyle = Automatic;
						TestTargetID = 081B3C6F1E2115300086D1CE;
					};
				};
			};
			buildConfigurationList = 081B3C6B1E2115300086D1CE /* Build configuration list for PBXProject "CodeChallenge" */;
			compatibilityVersion = "Xcode 3.2";
			developmentRegion = English;
			hasScannedForEncodings = 0;
			knownRegions = (
				en,
				Base,
			);
			mainGroup = 081B3C671E2115300086D1CE;
			productRefGroup = 081B3C711E2115300086D1CE /* Products */;
			projectDirPath = "";
			projectRoot = "";
			targets = (
				081B3C6F1E2115300086D1CE /* CodeChallenge */,
				081B3C831E2115310086D1CE /* CodeChallengeTests */,
			);
		};
/* End PBXProject section */

/* Begin PBXResourcesBuildPhase section */
		081B3C6E1E2115300086D1CE /* Resources */ = {
			isa = PBXResourcesBuildPhase;
			buildActionMask = 2147483647;
			files = (
				081B3C7E1E2115310086D1CE /* LaunchScreen.storyboard in Resources */,
				081B3C7B1E2115310086D1CE /* Assets.xcassets in Resources */,
				081B3C791E2115310086D1CE /* Main.storyboard in Resources */,
			);
			runOnlyForDeploymentPostprocessing = 0;
		};
		081B3C821E2115310086D1CE /* Resources */ = {
			isa = PBXResourcesBuildPhase;
			buildActionMask = 2147483647;
			files = (
			);
			runOnlyForDeploymentPostprocessing = 0;
		};
/* End PBXResourcesBuildPhase section */

/* Begin PBXSourcesBuildPhase section */
		081B3C6C1E2115300086D1CE /* Sources */ = {
			isa = PBXSourcesBuildPhase;
			buildActionMask = 2147483647;
			files = (
				081B3C761E2115300086D1CE /* ViewController.swift in Sources */,
				081B3C741E2115300086D1CE /* AppDelegate.swift in Sources */,
			);
			runOnlyForDeploymentPostprocessing = 0;
		};
		081B3C801E2115310086D1CE /* Sources */ = {
			isa = PBXSourcesBuildPhase;
			buildActionMask = 2147483647;
			files = (
				081B3C891E2115310086D1CE /* CodeChallengeTests.swift in Sources */,
			);
			runOnlyForDeploymentPostprocessing = 0;
		};
/* End PBXSourcesBuildPhase section */

/* Begin PBXTargetDependency section */
		081B3C861E2115310086D1CE /* PBXTargetDependency */ = {
			isa = PBXTargetDependency;
			target = 081B3C6F1E2115300086D1CE /* CodeChallenge */;
			targetProxy = 081B3C851E2115310086D1CE /* PBXContainerItemProxy */;
		};
/* End PBXTargetDependency section */

/* Begin PBXVariantGroup section */
		081B3C771E2115310086D1CE /* Main.storyboard */ = {
			isa = PBXVariantGroup;
			children = (
				081B3C781E2115310086D1CE /* Base */,
			);
			name = Main.storyboard;
			sourceTree = "<group>";
		};
		081B3C7C1E2115310086D1CE /* LaunchScreen.storyboard */ = {
			isa = PBXVariantGroup;
			children = (
				081B3C7D1E2115310086D1CE /* Base */,
			);
			name = LaunchScreen.storyboard;
			sourceTree = "<group>";
		};
/* End PBXVariantGroup section */

/* Begin XCBuildConfiguration section */
		081B3C8B1E2115310086D1CE /* Debug */ = {
			isa = XCBuildConfiguration;
			buildSettings = {
				ALWAYS_SEARCH_USER_PATHS = NO;
				CLANG_ANALYZER_NONNULL = YES;
				CLANG_CXX_LANGUAGE_STANDARD = "gnu++0x";
				CLANG_CXX_LIBRARY = "libc++";
				CLANG_ENABLE_MODULES = YES;
				CLANG_ENABLE_OBJC_ARC = YES;
				CLANG_WARN_BOOL_CONVERSION = YES;
				CLANG_WARN_CONSTANT_CONVERSION = YES;
				CLANG_WARN_DIRECT_OBJC_ISA_USAGE = YES_ERROR;
				CLANG_WARN_DOCUMENTATION_COMMENTS = YES;
				CLANG_WARN_EMPTY_BODY = YES;
				CLANG_WARN_ENUM_CONVERSION = YES;
				CLANG_WARN_INFINITE_RECURSION = YES;
				CLANG_WARN_INT_CONVERSION = YES;
				CLANG_WARN_OBJC_ROOT_CLASS = YES_ERROR;
				CLANG_WARN_SUSPICIOUS_MOVE = YES;
				CLANG_WARN_UNREACHABLE_CODE = YES;
				CLANG_WARN__DUPLICATE_METHOD_MATCH = YES;
				"CODE_SIGN_IDENTITY[sdk=iphoneos*]" = "iPhone Developer";
				COPY_PHASE_STRIP = NO;
				DEBUG_INFORMATION_FORMAT = dwarf;
				ENABLE_STRICT_OBJC_MSGSEND = YES;
				ENABLE_TESTABILITY = YES;
				GCC_C_LANGUAGE_STANDARD = gnu99;
				GCC_DYNAMIC_NO_PIC = NO;
				GCC_NO_COMMON_BLOCKS = YES;
				GCC_OPTIMIZATION_LEVEL = 0;
				GCC_PREPROCESSOR_DEFINITIONS = (
					"DEBUG=1",
					"$(inherited)",
				);
				GCC_WARN_64_TO_32_BIT_CONVERSION = YES;
				GCC_WARN_ABOUT_RETURN_TYPE = YES_ERROR;
				GCC_WARN_UNDECLARED_SELECTOR = YES;
				GCC_WARN_UNINITIALIZED_AUTOS = YES_AGGRESSIVE;
				GCC_WARN_UNUSED_FUNCTION = YES;
				GCC_WARN_UNUSED_VARIABLE = YES;
				IPHONEOS_DEPLOYMENT_TARGET = 9.0;
				MTL_ENABLE_DEBUG_INFO = YES;
				ONLY_ACTIVE_ARCH = YES;
				SDKROOT = iphoneos;
				SWIFT_ACTIVE_COMPILATION_CONDITIONS = DEBUG;
				SWIFT_OPTIMIZATION_LEVEL = "-Onone";
				TARGETED_DEVICE_FAMILY = "1,2";
			};
			name = Debug;
		};
		081B3C8C1E2115310086D1CE /* Release */ = {
			isa = XCBuildConfiguration;
			buildSettings = {
				ALWAYS_SEARCH_USER_PATHS = NO;
				CLANG_ANALYZER_NONNULL = YES;
				CLANG_CXX_LANGUAGE_STANDARD = "gnu++0x";
				CLANG_CXX_LIBRARY = "libc++";
				CLANG_ENABLE_MODULES = YES;
				CLANG_ENABLE_OBJC_ARC = YES;
				CLANG_WARN_BOOL_CONVERSION = YES;
				CLANG_WARN_CONSTANT_CONVERSION = YES;
				CLANG_WARN_DIRECT_OBJC_ISA_USAGE = YES_ERROR;
				CLANG_WARN_DOCUMENTATION_COMMENTS = YES;
				CLANG_WARN_EMPTY_BODY = YES;
				CLANG_WARN_ENUM_CONVERSION = YES;
				CLANG_WARN_INFINITE_RECURSION = YES;
				CLANG_WARN_INT_CONVERSION = YES;
				CLANG_WARN_OBJC_ROOT_CLASS = YES_ERROR;
				CLANG_WARN_SUSPICIOUS_MOVE = YES;
				CLANG_WARN_UNREACHABLE_CODE = YES;
				CLANG_WARN__DUPLICATE_METHOD_MATCH = YES;
				"CODE_SIGN_IDENTITY[sdk=iphoneos*]" = "iPhone Developer";
				COPY_PHASE_STRIP = NO;
				DEBUG_INFORMATION_FORMAT = "dwarf-with-dsym";
				ENABLE_NS_ASSERTIONS = NO;
				ENABLE_STRICT_OBJC_MSGSEND = YES;
				GCC_C_LANGUAGE_STANDARD = gnu99;
				GCC_NO_COMMON_BLOCKS = YES;
				GCC_WARN_64_TO_32_BIT_CONVERSION = YES;
				GCC_WARN_ABOUT_RETURN_TYPE = YES_ERROR;
				GCC_WARN_UNDECLARED_SELECTOR = YES;
				GCC_WARN_UNINITIALIZED_AUTOS = YES_AGGRESSIVE;
				GCC_WARN_UNUSED_FUNCTION = YES;
				GCC_WARN_UNUSED_VARIABLE = YES;
				IPHONEOS_DEPLOYMENT_TARGET = 9.0;
				MTL_ENABLE_DEBUG_INFO = NO;
				SDKROOT = iphoneos;
				SWIFT_OPTIMIZATION_LEVEL = "-Owholemodule";
				TARGETED_DEVICE_FAMILY = "1,2";
				VALIDATE_PRODUCT = YES;
			};
			name = Release;
		};
		081B3C8E1E2115310086D1CE /* Debug */ = {
			isa = XCBuildConfiguration;
			buildSettings = {
				ASSETCATALOG_COMPILER_APPICON_NAME = AppIcon;
				DEVELOPMENT_TEAM = 7QN6NJ95ZV;
				INFOPLIST_FILE = CodeChallenge/Info.plist;
				LD_RUNPATH_SEARCH_PATHS = "$(inherited) @executable_path/Frameworks";
				PRODUCT_BUNDLE_IDENTIFIER = com.coderpug.CodeChallenge;
				PRODUCT_NAME = "$(TARGET_NAME)";
				PROVISIONING_PROFILE = "a45a1dc8-9917-46af-a8de-d34d09c5cbf5";
				PROVISIONING_PROFILE_SPECIFIER = "Development Wildcard";
				SWIFT_VERSION = 3.0;
			};
			name = Debug;
		};
		081B3C8F1E2115310086D1CE /* Release */ = {
			isa = XCBuildConfiguration;
			buildSettings = {
				ASSETCATALOG_COMPILER_APPICON_NAME = AppIcon;
				DEVELOPMENT_TEAM = 7QN6NJ95ZV;
				INFOPLIST_FILE = CodeChallenge/Info.plist;
				LD_RUNPATH_SEARCH_PATHS = "$(inherited) @executable_path/Frameworks";
				PRODUCT_BUNDLE_IDENTIFIER = com.coderpug.CodeChallenge;
				PRODUCT_NAME = "$(TARGET_NAME)";
				PROVISIONING_PROFILE = "a45a1dc8-9917-46af-a8de-d34d09c5cbf5";
				PROVISIONING_PROFILE_SPECIFIER = "Development Wildcard";
				SWIFT_VERSION = 3.0;
			};
			name = Release;
		};
		081B3C911E2115310086D1CE /* Debug */ = {
			isa = XCBuildConfiguration;
			buildSettings = {
				ALWAYS_EMBED_SWIFT_STANDARD_LIBRARIES = YES;
				BUNDLE_LOADER = "$(TEST_HOST)";
				INFOPLIST_FILE = CodeChallengeTests/Info.plist;
				LD_RUNPATH_SEARCH_PATHS = "$(inherited) @executable_path/Frameworks @loader_path/Frameworks";
				PRODUCT_BUNDLE_IDENTIFIER = com.coderpug.CodeChallengeTests;
				PRODUCT_NAME = "$(TARGET_NAME)";
				SWIFT_VERSION = 3.0;
				TEST_HOST = "$(BUILT_PRODUCTS_DIR)/CodeChallenge.app/CodeChallenge";
			};
			name = Debug;
		};
		081B3C921E2115310086D1CE /* Release */ = {
			isa = XCBuildConfiguration;
			buildSettings = {
				ALWAYS_EMBED_SWIFT_STANDARD_LIBRARIES = YES;
				BUNDLE_LOADER = "$(TEST_HOST)";
				INFOPLIST_FILE = CodeChallengeTests/Info.plist;
				LD_RUNPATH_SEARCH_PATHS = "$(inherited) @executable_path/Frameworks @loader_path/Frameworks";
				PRODUCT_BUNDLE_IDENTIFIER = com.coderpug.CodeChallengeTests;
				PRODUCT_NAME = "$(TARGET_NAME)";
				SWIFT_VERSION = 3.0;
				TEST_HOST = "$(BUILT_PRODUCTS_DIR)/CodeChallenge.app/CodeChallenge";
			};
			name = Release;
		};
/* End XCBuildConfiguration section */

/* Begin XCConfigurationList section */
		081B3C6B1E2115300086D1CE /* Build configuration list for PBXProject "CodeChallenge" */ = {
			isa = XCConfigurationList;
			buildConfigurations = (
				081B3C8B1E2115310086D1CE /* Debug */,
				081B3C8C1E2115310086D1CE /* Release */,
			);
			defaultConfigurationIsVisible = 0;
			defaultConfigurationName = Release;
		};
		081B3C8D1E2115310086D1CE /* Build configuration list for PBXNativeTarget "CodeChallenge" */ = {
			isa = XCConfigurationList;
			buildConfigurations = (
				081B3C8E1E2115310086D1CE /* Debug */,
				081B3C8F1E2115310086D1CE /* Release */,
			);
			defaultConfigurationIsVisible = 0;
		};
		081B3C901E2115310086D1CE /* Build configuration list for PBXNativeTarget "CodeChallengeTests" */ = {
			isa = XCConfigurationList;
			buildConfigurations = (
				081B3C911E2115310086D1CE /* Debug */,
				081B3C921E2115310086D1CE /* Release */,
			);
			defaultConfigurationIsVisible = 0;
		};
/* End XCConfigurationList section */
	};
	rootObject = 081B3C681E2115300086D1CE /* Project object */;
}
