// !$*UTF8*$!
{
	archiveVersion = 1;
	classes = {
	};
	objectVersion = 46;
	objects = {

/* Begin PBXBuildFile section */
		081B3C741E2115300086D1CE /* AppDelegate.swift in Sources */ = {isa = PBXBuildFile; fileRef = 081B3C731E2115300086D1CE /* AppDelegate.swift */; };
		081B3C7B1E2115310086D1CE /* Assets.xcassets in Resources */ = {isa = PBXBuildFile; fileRef = 081B3C7A1E2115310086D1CE /* Assets.xcassets */; };
		081B3C891E2115310086D1CE /* CodeChallengeTests.swift in Sources */ = {isa = PBXBuildFile; fileRef = 081B3C881E2115310086D1CE /* CodeChallengeTests.swift */; };
		084744D91E216D540059B89C /* CodeChallengeCore.framework in Frameworks */ = {isa = PBXBuildFile; fileRef = 084744D11E216B1C0059B89C /* CodeChallengeCore.framework */; };
		084744DA1E216D540059B89C /* CodeChallengeCore.framework in Embed Frameworks */ = {isa = PBXBuildFile; fileRef = 084744D11E216B1C0059B89C /* CodeChallengeCore.framework */; settings = {ATTRIBUTES = (CodeSignOnCopy, RemoveHeadersOnCopy, ); }; };
		08709C141E21E5B700C87563 /* Appearance.swift in Sources */ = {isa = PBXBuildFile; fileRef = 08709C131E21E5B700C87563 /* Appearance.swift */; };
		08709C171E21E69800C87563 /* ForumPostsViewController.swift in Sources */ = {isa = PBXBuildFile; fileRef = 08709C161E21E69800C87563 /* ForumPostsViewController.swift */; };
		08709C1A1E21E6F000C87563 /* ForumHeaderView.swift in Sources */ = {isa = PBXBuildFile; fileRef = 08709C191E21E6F000C87563 /* ForumHeaderView.swift */; };
		08709C1D1E21EEA300C87563 /* ForumHeaderView+Controller.swift in Sources */ = {isa = PBXBuildFile; fileRef = 08709C1C1E21EEA300C87563 /* ForumHeaderView+Controller.swift */; };
		08709C211E21F20C00C87563 /* NetworkManager.swift in Sources */ = {isa = PBXBuildFile; fileRef = 08709C201E21F20C00C87563 /* NetworkManager.swift */; };
		08709C251E22048900C87563 /* ForumView.swift in Sources */ = {isa = PBXBuildFile; fileRef = 08709C241E22048900C87563 /* ForumView.swift */; };
		08709C271E2206F900C87563 /* ForumView+Controller.swift in Sources */ = {isa = PBXBuildFile; fileRef = 08709C261E2206F900C87563 /* ForumView+Controller.swift */; };
		08709C2E1E220E9600C87563 /* UIImage+Extended.swift in Sources */ = {isa = PBXBuildFile; fileRef = 08709C2D1E220E9600C87563 /* UIImage+Extended.swift */; };
		08709C321E22197800C87563 /* ForumPostsViewController+UICollectionView.swift in Sources */ = {isa = PBXBuildFile; fileRef = 08709C311E22197800C87563 /* ForumPostsViewController+UICollectionView.swift */; };
		08709C351E2219B300C87563 /* ForumPostsViewControllerExtended.swift in Sources */ = {isa = PBXBuildFile; fileRef = 08709C341E2219B300C87563 /* ForumPostsViewControllerExtended.swift */; };
		E724DDE07B1C7659AA804E40 /* Pods_CodeChallengeTests.framework in Frameworks */ = {isa = PBXBuildFile; fileRef = ACEAE1C664334000E2F28D51 /* Pods_CodeChallengeTests.framework */; };
		E762A70F18DB2CC2EAC316D8 /* Pods_CodeChallenge.framework in Frameworks */ = {isa = PBXBuildFile; fileRef = F79F35A56E89E0B5AD8FBC29 /* Pods_CodeChallenge.framework */; };
/* End PBXBuildFile section */

/* Begin PBXContainerItemProxy section */
		081B3C851E2115310086D1CE /* PBXContainerItemProxy */ = {
			isa = PBXContainerItemProxy;
			containerPortal = 081B3C681E2115300086D1CE /* Project object */;
			proxyType = 1;
			remoteGlobalIDString = 081B3C6F1E2115300086D1CE;
			remoteInfo = CodeChallenge;
		};
		084744D01E216B1C0059B89C /* PBXContainerItemProxy */ = {
			isa = PBXContainerItemProxy;
			containerPortal = 084744CB1E216B1C0059B89C /* CodeChallengeCore.xcodeproj */;
			proxyType = 2;
			remoteGlobalIDString = 08754F021E2124FB0037134B;
			remoteInfo = CodeChallengeCore;
		};
		084744D21E216B1C0059B89C /* PBXContainerItemProxy */ = {
			isa = PBXContainerItemProxy;
			containerPortal = 084744CB1E216B1C0059B89C /* CodeChallengeCore.xcodeproj */;
			proxyType = 2;
			remoteGlobalIDString = 08754F0B1E2124FC0037134B;
			remoteInfo = CodeChallengeCoreTests;
		};
		084744DB1E216D540059B89C /* PBXContainerItemProxy */ = {
			isa = PBXContainerItemProxy;
			containerPortal = 084744CB1E216B1C0059B89C /* CodeChallengeCore.xcodeproj */;
			proxyType = 1;
			remoteGlobalIDString = 08754F011E2124FB0037134B;
			remoteInfo = CodeChallengeCore;
		};
/* End PBXContainerItemProxy section */

/* Begin PBXCopyFilesBuildPhase section */
		084744DD1E216D540059B89C /* Embed Frameworks */ = {
			isa = PBXCopyFilesBuildPhase;
			buildActionMask = 2147483647;
			dstPath = "";
			dstSubfolderSpec = 10;
			files = (
				084744DA1E216D540059B89C /* CodeChallengeCore.framework in Embed Frameworks */,
			);
			name = "Embed Frameworks";
			runOnlyForDeploymentPostprocessing = 0;
		};
/* End PBXCopyFilesBuildPhase section */

/* Begin PBXFileReference section */
		081B3C701E2115300086D1CE /* CodeChallenge.app */ = {isa = PBXFileReference; explicitFileType = wrapper.application; includeInIndex = 0; path = CodeChallenge.app; sourceTree = BUILT_PRODUCTS_DIR; };
		081B3C731E2115300086D1CE /* AppDelegate.swift */ = {isa = PBXFileReference; lastKnownFileType = sourcecode.swift; path = AppDelegate.swift; sourceTree = "<group>"; };
		081B3C7A1E2115310086D1CE /* Assets.xcassets */ = {isa = PBXFileReference; lastKnownFileType = folder.assetcatalog; path = Assets.xcassets; sourceTree = "<group>"; };
		081B3C7F1E2115310086D1CE /* Info.plist */ = {isa = PBXFileReference; lastKnownFileType = text.plist.xml; path = Info.plist; sourceTree = "<group>"; };
		081B3C841E2115310086D1CE /* CodeChallengeTests.xctest */ = {isa = PBXFileReference; explicitFileType = wrapper.cfbundle; includeInIndex = 0; path = CodeChallengeTests.xctest; sourceTree = BUILT_PRODUCTS_DIR; };
		081B3C881E2115310086D1CE /* CodeChallengeTests.swift */ = {isa = PBXFileReference; lastKnownFileType = sourcecode.swift; path = CodeChallengeTests.swift; sourceTree = "<group>"; };
		081B3C8A1E2115310086D1CE /* Info.plist */ = {isa = PBXFileReference; lastKnownFileType = text.plist.xml; path = Info.plist; sourceTree = "<group>"; };
		084744CB1E216B1C0059B89C /* CodeChallengeCore.xcodeproj */ = {isa = PBXFileReference; lastKnownFileType = "wrapper.pb-project"; name = CodeChallengeCore.xcodeproj; path = CodeChallengeCore/CodeChallengeCore.xcodeproj; sourceTree = "<group>"; };
		08709C131E21E5B700C87563 /* Appearance.swift */ = {isa = PBXFileReference; fileEncoding = 4; lastKnownFileType = sourcecode.swift; path = Appearance.swift; sourceTree = "<group>"; };
		08709C161E21E69800C87563 /* ForumPostsViewController.swift */ = {isa = PBXFileReference; fileEncoding = 4; lastKnownFileType = sourcecode.swift; path = ForumPostsViewController.swift; sourceTree = "<group>"; };
		08709C191E21E6F000C87563 /* ForumHeaderView.swift */ = {isa = PBXFileReference; fileEncoding = 4; lastKnownFileType = sourcecode.swift; path = ForumHeaderView.swift; sourceTree = "<group>"; };
		08709C1C1E21EEA300C87563 /* ForumHeaderView+Controller.swift */ = {isa = PBXFileReference; fileEncoding = 4; lastKnownFileType = sourcecode.swift; path = "ForumHeaderView+Controller.swift"; sourceTree = "<group>"; };
		08709C201E21F20C00C87563 /* NetworkManager.swift */ = {isa = PBXFileReference; fileEncoding = 4; lastKnownFileType = sourcecode.swift; path = NetworkManager.swift; sourceTree = "<group>"; };
		08709C241E22048900C87563 /* ForumView.swift */ = {isa = PBXFileReference; fileEncoding = 4; lastKnownFileType = sourcecode.swift; path = ForumView.swift; sourceTree = "<group>"; };
		08709C261E2206F900C87563 /* ForumView+Controller.swift */ = {isa = PBXFileReference; fileEncoding = 4; lastKnownFileType = sourcecode.swift; path = "ForumView+Controller.swift"; sourceTree = "<group>"; };
		08709C2D1E220E9600C87563 /* UIImage+Extended.swift */ = {isa = PBXFileReference; fileEncoding = 4; lastKnownFileType = sourcecode.swift; path = "UIImage+Extended.swift"; sourceTree = "<group>"; };
		08709C311E22197800C87563 /* ForumPostsViewController+UICollectionView.swift */ = {isa = PBXFileReference; fileEncoding = 4; lastKnownFileType = sourcecode.swift; path = "ForumPostsViewController+UICollectionView.swift"; sourceTree = "<group>"; };
		08709C341E2219B300C87563 /* ForumPostsViewControllerExtended.swift */ = {isa = PBXFileReference; fileEncoding = 4; lastKnownFileType = sourcecode.swift; path = ForumPostsViewControllerExtended.swift; sourceTree = "<group>"; };
		58FAA89AB434807BC03C462F /* Pods-CodeChallenge.debug.xcconfig */ = {isa = PBXFileReference; includeInIndex = 1; lastKnownFileType = text.xcconfig; name = "Pods-CodeChallenge.debug.xcconfig"; path = "Pods/Target Support Files/Pods-CodeChallenge/Pods-CodeChallenge.debug.xcconfig"; sourceTree = "<group>"; };
		92F50F54E8425D29A53AEF62 /* Pods-CodeChallengeTests.debug.xcconfig */ = {isa = PBXFileReference; includeInIndex = 1; lastKnownFileType = text.xcconfig; name = "Pods-CodeChallengeTests.debug.xcconfig"; path = "Pods/Target Support Files/Pods-CodeChallengeTests/Pods-CodeChallengeTests.debug.xcconfig"; sourceTree = "<group>"; };
		ACEAE1C664334000E2F28D51 /* Pods_CodeChallengeTests.framework */ = {isa = PBXFileReference; explicitFileType = wrapper.framework; includeInIndex = 0; path = Pods_CodeChallengeTests.framework; sourceTree = BUILT_PRODUCTS_DIR; };
		B37DB2FA05507FE82BDAA6C5 /* Pods-CodeChallengeTests.release.xcconfig */ = {isa = PBXFileReference; includeInIndex = 1; lastKnownFileType = text.xcconfig; name = "Pods-CodeChallengeTests.release.xcconfig"; path = "Pods/Target Support Files/Pods-CodeChallengeTests/Pods-CodeChallengeTests.release.xcconfig"; sourceTree = "<group>"; };
		B79C7B90421E5F3F41ECAF4A /* Pods-CodeChallenge.release.xcconfig */ = {isa = PBXFileReference; includeInIndex = 1; lastKnownFileType = text.xcconfig; name = "Pods-CodeChallenge.release.xcconfig"; path = "Pods/Target Support Files/Pods-CodeChallenge/Pods-CodeChallenge.release.xcconfig"; sourceTree = "<group>"; };
		F79F35A56E89E0B5AD8FBC29 /* Pods_CodeChallenge.framework */ = {isa = PBXFileReference; explicitFileType = wrapper.framework; includeInIndex = 0; path = Pods_CodeChallenge.framework; sourceTree = BUILT_PRODUCTS_DIR; };
/* End PBXFileReference section */

/* Begin PBXFrameworksBuildPhase section */
		081B3C6D1E2115300086D1CE /* Frameworks */ = {
			isa = PBXFrameworksBuildPhase;
			buildActionMask = 2147483647;
			files = (
				084744D91E216D540059B89C /* CodeChallengeCore.framework in Frameworks */,
				E762A70F18DB2CC2EAC316D8 /* Pods_CodeChallenge.framework in Frameworks */,
			);
			runOnlyForDeploymentPostprocessing = 0;
		};
		081B3C811E2115310086D1CE /* Frameworks */ = {
			isa = PBXFrameworksBuildPhase;
			buildActionMask = 2147483647;
			files = (
				E724DDE07B1C7659AA804E40 /* Pods_CodeChallengeTests.framework in Frameworks */,
			);
			runOnlyForDeploymentPostprocessing = 0;
		};
/* End PBXFrameworksBuildPhase section */

/* Begin PBXGroup section */
		081B3C671E2115300086D1CE = {
			isa = PBXGroup;
			children = (
				084744CB1E216B1C0059B89C /* CodeChallengeCore.xcodeproj */,
				081B3C721E2115300086D1CE /* CodeChallenge */,
				081B3C871E2115310086D1CE /* CodeChallengeTests */,
				081B3C711E2115300086D1CE /* Products */,
				F7435C5342632582C26F1DE8 /* Pods */,
				46AFC532AD97D0A8A6CDAFE6 /* Frameworks */,
			);
			sourceTree = "<group>";
		};
		081B3C711E2115300086D1CE /* Products */ = {
			isa = PBXGroup;
			children = (
				081B3C701E2115300086D1CE /* CodeChallenge.app */,
				081B3C841E2115310086D1CE /* CodeChallengeTests.xctest */,
			);
			name = Products;
			sourceTree = "<group>";
		};
		081B3C721E2115300086D1CE /* CodeChallenge */ = {
			isa = PBXGroup;
			children = (
				081B3C7A1E2115310086D1CE /* Assets.xcassets */,
				081B3C731E2115300086D1CE /* AppDelegate.swift */,
				08709C131E21E5B700C87563 /* Appearance.swift */,
				08709C2B1E220E7D00C87563 /* Extensions */,
				08709C1E1E21F20000C87563 /* Managers */,
				08709C151E21E69800C87563 /* Forums */,
				081B3C7F1E2115310086D1CE /* Info.plist */,
			);
			path = CodeChallenge;
			sourceTree = "<group>";
		};
		081B3C871E2115310086D1CE /* CodeChallengeTests */ = {
			isa = PBXGroup;
			children = (
				081B3C881E2115310086D1CE /* CodeChallengeTests.swift */,
				081B3C8A1E2115310086D1CE /* Info.plist */,
			);
			path = CodeChallengeTests;
			sourceTree = "<group>";
		};
		084744CC1E216B1C0059B89C /* Products */ = {
			isa = PBXGroup;
			children = (
				084744D11E216B1C0059B89C /* CodeChallengeCore.framework */,
				084744D31E216B1C0059B89C /* CodeChallengeCoreTests.xctest */,
			);
			name = Products;
			sourceTree = "<group>";
		};
		08709C151E21E69800C87563 /* Forums */ = {
			isa = PBXGroup;
			children = (
				08709C161E21E69800C87563 /* ForumPostsViewController.swift */,
				08709C341E2219B300C87563 /* ForumPostsViewControllerExtended.swift */,
				08709C311E22197800C87563 /* ForumPostsViewController+UICollectionView.swift */,
				08709C181E21E6E000C87563 /* Views */,
				08709C1B1E21EE6100C87563 /* Controllers */,
			);
			path = Forums;
			sourceTree = "<group>";
		};
		08709C181E21E6E000C87563 /* Views */ = {
			isa = PBXGroup;
			children = (
				08709C191E21E6F000C87563 /* ForumHeaderView.swift */,
				08709C241E22048900C87563 /* ForumView.swift */,
			);
			path = Views;
			sourceTree = "<group>";
		};
		08709C1B1E21EE6100C87563 /* Controllers */ = {
			isa = PBXGroup;
			children = (
				08709C1C1E21EEA300C87563 /* ForumHeaderView+Controller.swift */,
				08709C261E2206F900C87563 /* ForumView+Controller.swift */,
			);
			path = Controllers;
			sourceTree = "<group>";
		};
		08709C1E1E21F20000C87563 /* Managers */ = {
			isa = PBXGroup;
			children = (
				08709C1F1E21F20000C87563 /* Connection */,
			);
			path = Managers;
			sourceTree = "<group>";
		};
		08709C1F1E21F20000C87563 /* Connection */ = {
			isa = PBXGroup;
			children = (
				08709C201E21F20C00C87563 /* NetworkManager.swift */,
			);
			path = Connection;
			sourceTree = "<group>";
		};
		08709C2B1E220E7D00C87563 /* Extensions */ = {
			isa = PBXGroup;
			children = (
				08709C2D1E220E9600C87563 /* UIImage+Extended.swift */,
			);
			path = Extensions;
			sourceTree = "<group>";
		};
		46AFC532AD97D0A8A6CDAFE6 /* Frameworks */ = {
			isa = PBXGroup;
			children = (
				F79F35A56E89E0B5AD8FBC29 /* Pods_CodeChallenge.framework */,
				ACEAE1C664334000E2F28D51 /* Pods_CodeChallengeTests.framework */,
			);
			name = Frameworks;
			sourceTree = "<group>";
		};
		F7435C5342632582C26F1DE8 /* Pods */ = {
			isa = PBXGroup;
			children = (
				58FAA89AB434807BC03C462F /* Pods-CodeChallenge.debug.xcconfig */,
				B79C7B90421E5F3F41ECAF4A /* Pods-CodeChallenge.release.xcconfig */,
				92F50F54E8425D29A53AEF62 /* Pods-CodeChallengeTests.debug.xcconfig */,
				B37DB2FA05507FE82BDAA6C5 /* Pods-CodeChallengeTests.release.xcconfig */,
			);
			name = Pods;
			sourceTree = "<group>";
		};
/* End PBXGroup section */

/* Begin PBXNativeTarget section */
		081B3C6F1E2115300086D1CE /* CodeChallenge */ = {
			isa = PBXNativeTarget;
			buildConfigurationList = 081B3C8D1E2115310086D1CE /* Build configuration list for PBXNativeTarget "CodeChallenge" */;
			buildPhases = (
				E33F28D3497BB719138DF444 /* [CP] Check Pods Manifest.lock */,
				081B3C6C1E2115300086D1CE /* Sources */,
				081B3C6D1E2115300086D1CE /* Frameworks */,
				081B3C6E1E2115300086D1CE /* Resources */,
				558B2395B747AA3A8045FD8D /* [CP] Embed Pods Frameworks */,
				DA5CD0095EE6808E0AEA1167 /* [CP] Copy Pods Resources */,
				084744DD1E216D540059B89C /* Embed Frameworks */,
			);
			buildRules = (
			);
			dependencies = (
				084744DC1E216D540059B89C /* PBXTargetDependency */,
			);
			name = CodeChallenge;
			productName = CodeChallenge;
			productReference = 081B3C701E2115300086D1CE /* CodeChallenge.app */;
			productType = "com.apple.product-type.application";
		};
		081B3C831E2115310086D1CE /* CodeChallengeTests */ = {
			isa = PBXNativeTarget;
			buildConfigurationList = 081B3C901E2115310086D1CE /* Build configuration list for PBXNativeTarget "CodeChallengeTests" */;
			buildPhases = (
				B772BE8050E27C1093EB4AF2 /* [CP] Check Pods Manifest.lock */,
				081B3C801E2115310086D1CE /* Sources */,
				081B3C811E2115310086D1CE /* Frameworks */,
				081B3C821E2115310086D1CE /* Resources */,
				9FC66DFCDAD08868F972653B /* [CP] Embed Pods Frameworks */,
				229514041B2EC46BCD4788F0 /* [CP] Copy Pods Resources */,
			);
			buildRules = (
			);
			dependencies = (
				081B3C861E2115310086D1CE /* PBXTargetDependency */,
			);
			name = CodeChallengeTests;
			productName = CodeChallengeTests;
			productReference = 081B3C841E2115310086D1CE /* CodeChallengeTests.xctest */;
			productType = "com.apple.product-type.bundle.unit-test";
		};
/* End PBXNativeTarget section */

/* Begin PBXProject section */
		081B3C681E2115300086D1CE /* Project object */ = {
			isa = PBXProject;
			attributes = {
				LastSwiftUpdateCheck = 0820;
				LastUpgradeCheck = 0820;
				ORGANIZATIONNAME = "Jose Torres";
				TargetAttributes = {
					081B3C6F1E2115300086D1CE = {
						CreatedOnToolsVersion = 8.2.1;
						DevelopmentTeam = 7QN6NJ95ZV;
						ProvisioningStyle = Manual;
					};
					081B3C831E2115310086D1CE = {
						CreatedOnToolsVersion = 8.2.1;
						ProvisioningStyle = Automatic;
						TestTargetID = 081B3C6F1E2115300086D1CE;
					};
				};
			};
			buildConfigurationList = 081B3C6B1E2115300086D1CE /* Build configuration list for PBXProject "CodeChallenge" */;
			compatibilityVersion = "Xcode 3.2";
			developmentRegion = English;
			hasScannedForEncodings = 0;
			knownRegions = (
				en,
				Base,
			);
			mainGroup = 081B3C671E2115300086D1CE;
			productRefGroup = 081B3C711E2115300086D1CE /* Products */;
			projectDirPath = "";
			projectReferences = (
				{
					ProductGroup = 084744CC1E216B1C0059B89C /* Products */;
					ProjectRef = 084744CB1E216B1C0059B89C /* CodeChallengeCore.xcodeproj */;
				},
			);
			projectRoot = "";
			targets = (
				081B3C6F1E2115300086D1CE /* CodeChallenge */,
				081B3C831E2115310086D1CE /* CodeChallengeTests */,
			);
		};
/* End PBXProject section */

/* Begin PBXReferenceProxy section */
		084744D11E216B1C0059B89C /* CodeChallengeCore.framework */ = {
			isa = PBXReferenceProxy;
			fileType = wrapper.framework;
			path = CodeChallengeCore.framework;
			remoteRef = 084744D01E216B1C0059B89C /* PBXContainerItemProxy */;
			sourceTree = BUILT_PRODUCTS_DIR;
		};
		084744D31E216B1C0059B89C /* CodeChallengeCoreTests.xctest */ = {
			isa = PBXReferenceProxy;
			fileType = wrapper.cfbundle;
			path = CodeChallengeCoreTests.xctest;
			remoteRef = 084744D21E216B1C0059B89C /* PBXContainerItemProxy */;
			sourceTree = BUILT_PRODUCTS_DIR;
		};
/* End PBXReferenceProxy section */

/* Begin PBXResourcesBuildPhase section */
		081B3C6E1E2115300086D1CE /* Resources */ = {
			isa = PBXResourcesBuildPhase;
			buildActionMask = 2147483647;
			files = (
				081B3C7B1E2115310086D1CE /* Assets.xcassets in Resources */,
			);
			runOnlyForDeploymentPostprocessing = 0;
		};
		081B3C821E2115310086D1CE /* Resources */ = {
			isa = PBXResourcesBuildPhase;
			buildActionMask = 2147483647;
			files = (
			);
			runOnlyForDeploymentPostprocessing = 0;
		};
/* End PBXResourcesBuildPhase section */

/* Begin PBXShellScriptBuildPhase section */
		229514041B2EC46BCD4788F0 /* [CP] Copy Pods Resources */ = {
			isa = PBXShellScriptBuildPhase;
			buildActionMask = 2147483647;
			files = (
			);
			inputPaths = (
			);
			name = "[CP] Copy Pods Resources";
			outputPaths = (
			);
			runOnlyForDeploymentPostprocessing = 0;
			shellPath = /bin/sh;
			shellScript = "\"${SRCROOT}/Pods/Target Support Files/Pods-CodeChallengeTests/Pods-CodeChallengeTests-resources.sh\"\n";
			showEnvVarsInLog = 0;
		};
		558B2395B747AA3A8045FD8D /* [CP] Embed Pods Frameworks */ = {
			isa = PBXShellScriptBuildPhase;
			buildActionMask = 2147483647;
			files = (
			);
			inputPaths = (
			);
			name = "[CP] Embed Pods Frameworks";
			outputPaths = (
			);
			runOnlyForDeploymentPostprocessing = 0;
			shellPath = /bin/sh;
			shellScript = "\"${SRCROOT}/Pods/Target Support Files/Pods-CodeChallenge/Pods-CodeChallenge-frameworks.sh\"\n";
			showEnvVarsInLog = 0;
		};
		9FC66DFCDAD08868F972653B /* [CP] Embed Pods Frameworks */ = {
			isa = PBXShellScriptBuildPhase;
			buildActionMask = 2147483647;
			files = (
			);
			inputPaths = (
			);
			name = "[CP] Embed Pods Frameworks";
			outputPaths = (
			);
			runOnlyForDeploymentPostprocessing = 0;
			shellPath = /bin/sh;
			shellScript = "\"${SRCROOT}/Pods/Target Support Files/Pods-CodeChallengeTests/Pods-CodeChallengeTests-frameworks.sh\"\n";
			showEnvVarsInLog = 0;
		};
		B772BE8050E27C1093EB4AF2 /* [CP] Check Pods Manifest.lock */ = {
			isa = PBXShellScriptBuildPhase;
			buildActionMask = 2147483647;
			files = (
			);
			inputPaths = (
			);
			name = "[CP] Check Pods Manifest.lock";
			outputPaths = (
			);
			runOnlyForDeploymentPostprocessing = 0;
			shellPath = /bin/sh;
			shellScript = "diff \"${PODS_ROOT}/../Podfile.lock\" \"${PODS_ROOT}/Manifest.lock\" > /dev/null\nif [ $? != 0 ] ; then\n    # print error to STDERR\n    echo \"error: The sandbox is not in sync with the Podfile.lock. Run 'pod install' or update your CocoaPods installation.\" >&2\n    exit 1\nfi\n";
			showEnvVarsInLog = 0;
		};
		DA5CD0095EE6808E0AEA1167 /* [CP] Copy Pods Resources */ = {
			isa = PBXShellScriptBuildPhase;
			buildActionMask = 2147483647;
			files = (
			);
			inputPaths = (
			);
			name = "[CP] Copy Pods Resources";
			outputPaths = (
			);
			runOnlyForDeploymentPostprocessing = 0;
			shellPath = /bin/sh;
			shellScript = "\"${SRCROOT}/Pods/Target Support Files/Pods-CodeChallenge/Pods-CodeChallenge-resources.sh\"\n";
			showEnvVarsInLog = 0;
		};
		E33F28D3497BB719138DF444 /* [CP] Check Pods Manifest.lock */ = {
			isa = PBXShellScriptBuildPhase;
			buildActionMask = 2147483647;
			files = (
			);
			inputPaths = (
			);
			name = "[CP] Check Pods Manifest.lock";
			outputPaths = (
			);
			runOnlyForDeploymentPostprocessing = 0;
			shellPath = /bin/sh;
			shellScript = "diff \"${PODS_ROOT}/../Podfile.lock\" \"${PODS_ROOT}/Manifest.lock\" > /dev/null\nif [ $? != 0 ] ; then\n    # print error to STDERR\n    echo \"error: The sandbox is not in sync with the Podfile.lock. Run 'pod install' or update your CocoaPods installation.\" >&2\n    exit 1\nfi\n";
			showEnvVarsInLog = 0;
		};
/* End PBXShellScriptBuildPhase section */

/* Begin PBXSourcesBuildPhase section */
		081B3C6C1E2115300086D1CE /* Sources */ = {
			isa = PBXSourcesBuildPhase;
			buildActionMask = 2147483647;
			files = (
				08709C271E2206F900C87563 /* ForumView+Controller.swift in Sources */,
				08709C171E21E69800C87563 /* ForumPostsViewController.swift in Sources */,
				08709C211E21F20C00C87563 /* NetworkManager.swift in Sources */,
				08709C321E22197800C87563 /* ForumPostsViewController+UICollectionView.swift in Sources */,
				08709C2E1E220E9600C87563 /* UIImage+Extended.swift in Sources */,
				08709C1A1E21E6F000C87563 /* ForumHeaderView.swift in Sources */,
				08709C1D1E21EEA300C87563 /* ForumHeaderView+Controller.swift in Sources */,
				08709C141E21E5B700C87563 /* Appearance.swift in Sources */,
				08709C251E22048900C87563 /* ForumView.swift in Sources */,
				081B3C741E2115300086D1CE /* AppDelegate.swift in Sources */,
				08709C351E2219B300C87563 /* ForumPostsViewControllerExtended.swift in Sources */,
			);
			runOnlyForDeploymentPostprocessing = 0;
		};
		081B3C801E2115310086D1CE /* Sources */ = {
			isa = PBXSourcesBuildPhase;
			buildActionMask = 2147483647;
			files = (
				081B3C891E2115310086D1CE /* CodeChallengeTests.swift in Sources */,
			);
			runOnlyForDeploymentPostprocessing = 0;
		};
/* End PBXSourcesBuildPhase section */

/* Begin PBXTargetDependency section */
		081B3C861E2115310086D1CE /* PBXTargetDependency */ = {
			isa = PBXTargetDependency;
			target = 081B3C6F1E2115300086D1CE /* CodeChallenge */;
			targetProxy = 081B3C851E2115310086D1CE /* PBXContainerItemProxy */;
		};
		084744DC1E216D540059B89C /* PBXTargetDependency */ = {
			isa = PBXTargetDependency;
			name = CodeChallengeCore;
			targetProxy = 084744DB1E216D540059B89C /* PBXContainerItemProxy */;
		};
/* End PBXTargetDependency section */

/* Begin XCBuildConfiguration section */
		081B3C8B1E2115310086D1CE /* Debug */ = {
			isa = XCBuildConfiguration;
			buildSettings = {
				ALWAYS_SEARCH_USER_PATHS = NO;
				CLANG_ANALYZER_NONNULL = YES;
				CLANG_CXX_LANGUAGE_STANDARD = "gnu++0x";
				CLANG_CXX_LIBRARY = "libc++";
				CLANG_ENABLE_MODULES = YES;
				CLANG_ENABLE_OBJC_ARC = YES;
				CLANG_WARN_BOOL_CONVERSION = YES;
				CLANG_WARN_CONSTANT_CONVERSION = YES;
				CLANG_WARN_DIRECT_OBJC_ISA_USAGE = YES_ERROR;
				CLANG_WARN_DOCUMENTATION_COMMENTS = YES;
				CLANG_WARN_EMPTY_BODY = YES;
				CLANG_WARN_ENUM_CONVERSION = YES;
				CLANG_WARN_INFINITE_RECURSION = YES;
				CLANG_WARN_INT_CONVERSION = YES;
				CLANG_WARN_OBJC_ROOT_CLASS = YES_ERROR;
				CLANG_WARN_SUSPICIOUS_MOVE = YES;
				CLANG_WARN_UNREACHABLE_CODE = YES;
				CLANG_WARN__DUPLICATE_METHOD_MATCH = YES;
				"CODE_SIGN_IDENTITY[sdk=iphoneos*]" = "iPhone Developer";
				COPY_PHASE_STRIP = NO;
				DEBUG_INFORMATION_FORMAT = dwarf;
				ENABLE_STRICT_OBJC_MSGSEND = YES;
				ENABLE_TESTABILITY = YES;
				GCC_C_LANGUAGE_STANDARD = gnu99;
				GCC_DYNAMIC_NO_PIC = NO;
				GCC_NO_COMMON_BLOCKS = YES;
				GCC_OPTIMIZATION_LEVEL = 0;
				GCC_PREPROCESSOR_DEFINITIONS = (
					"DEBUG=1",
					"$(inherited)",
				);
				GCC_WARN_64_TO_32_BIT_CONVERSION = YES;
				GCC_WARN_ABOUT_RETURN_TYPE = YES_ERROR;
				GCC_WARN_UNDECLARED_SELECTOR = YES;
				GCC_WARN_UNINITIALIZED_AUTOS = YES_AGGRESSIVE;
				GCC_WARN_UNUSED_FUNCTION = YES;
				GCC_WARN_UNUSED_VARIABLE = YES;
				IPHONEOS_DEPLOYMENT_TARGET = 9.0;
				MTL_ENABLE_DEBUG_INFO = YES;
				ONLY_ACTIVE_ARCH = YES;
				SDKROOT = iphoneos;
				SWIFT_ACTIVE_COMPILATION_CONDITIONS = DEBUG;
				SWIFT_OPTIMIZATION_LEVEL = "-Onone";
				TARGETED_DEVICE_FAMILY = "1,2";
			};
			name = Debug;
		};
		081B3C8C1E2115310086D1CE /* Release */ = {
			isa = XCBuildConfiguration;
			buildSettings = {
				ALWAYS_SEARCH_USER_PATHS = NO;
				CLANG_ANALYZER_NONNULL = YES;
				CLANG_CXX_LANGUAGE_STANDARD = "gnu++0x";
				CLANG_CXX_LIBRARY = "libc++";
				CLANG_ENABLE_MODULES = YES;
				CLANG_ENABLE_OBJC_ARC = YES;
				CLANG_WARN_BOOL_CONVERSION = YES;
				CLANG_WARN_CONSTANT_CONVERSION = YES;
				CLANG_WARN_DIRECT_OBJC_ISA_USAGE = YES_ERROR;
				CLANG_WARN_DOCUMENTATION_COMMENTS = YES;
				CLANG_WARN_EMPTY_BODY = YES;
				CLANG_WARN_ENUM_CONVERSION = YES;
				CLANG_WARN_INFINITE_RECURSION = YES;
				CLANG_WARN_INT_CONVERSION = YES;
				CLANG_WARN_OBJC_ROOT_CLASS = YES_ERROR;
				CLANG_WARN_SUSPICIOUS_MOVE = YES;
				CLANG_WARN_UNREACHABLE_CODE = YES;
				CLANG_WARN__DUPLICATE_METHOD_MATCH = YES;
				"CODE_SIGN_IDENTITY[sdk=iphoneos*]" = "iPhone Developer";
				COPY_PHASE_STRIP = NO;
				DEBUG_INFORMATION_FORMAT = "dwarf-with-dsym";
				ENABLE_NS_ASSERTIONS = NO;
				ENABLE_STRICT_OBJC_MSGSEND = YES;
				GCC_C_LANGUAGE_STANDARD = gnu99;
				GCC_NO_COMMON_BLOCKS = YES;
				GCC_WARN_64_TO_32_BIT_CONVERSION = YES;
				GCC_WARN_ABOUT_RETURN_TYPE = YES_ERROR;
				GCC_WARN_UNDECLARED_SELECTOR = YES;
				GCC_WARN_UNINITIALIZED_AUTOS = YES_AGGRESSIVE;
				GCC_WARN_UNUSED_FUNCTION = YES;
				GCC_WARN_UNUSED_VARIABLE = YES;
				IPHONEOS_DEPLOYMENT_TARGET = 9.0;
				MTL_ENABLE_DEBUG_INFO = NO;
				SDKROOT = iphoneos;
				SWIFT_OPTIMIZATION_LEVEL = "-Owholemodule";
				TARGETED_DEVICE_FAMILY = "1,2";
				VALIDATE_PRODUCT = YES;
			};
			name = Release;
		};
		081B3C8E1E2115310086D1CE /* Debug */ = {
			isa = XCBuildConfiguration;
			baseConfigurationReference = 58FAA89AB434807BC03C462F /* Pods-CodeChallenge.debug.xcconfig */;
			buildSettings = {
				ALWAYS_EMBED_SWIFT_STANDARD_LIBRARIES = YES;
				ASSETCATALOG_COMPILER_APPICON_NAME = AppIcon;
				DEVELOPMENT_TEAM = 7QN6NJ95ZV;
				INFOPLIST_FILE = CodeChallenge/Info.plist;
				LD_RUNPATH_SEARCH_PATHS = "$(inherited) @executable_path/Frameworks";
				PRODUCT_BUNDLE_IDENTIFIER = com.coderpug.CodeChallenge;
				PRODUCT_NAME = "$(TARGET_NAME)";
				PROVISIONING_PROFILE = "a45a1dc8-9917-46af-a8de-d34d09c5cbf5";
				PROVISIONING_PROFILE_SPECIFIER = "Development Wildcard";
				SWIFT_VERSION = 3.0;
			};
			name = Debug;
		};
		081B3C8F1E2115310086D1CE /* Release */ = {
			isa = XCBuildConfiguration;
			baseConfigurationReference = B79C7B90421E5F3F41ECAF4A /* Pods-CodeChallenge.release.xcconfig */;
			buildSettings = {
				ALWAYS_EMBED_SWIFT_STANDARD_LIBRARIES = YES;
				ASSETCATALOG_COMPILER_APPICON_NAME = AppIcon;
				DEVELOPMENT_TEAM = 7QN6NJ95ZV;
				INFOPLIST_FILE = CodeChallenge/Info.plist;
				LD_RUNPATH_SEARCH_PATHS = "$(inherited) @executable_path/Frameworks";
				PRODUCT_BUNDLE_IDENTIFIER = com.coderpug.CodeChallenge;
				PRODUCT_NAME = "$(TARGET_NAME)";
				PROVISIONING_PROFILE = "a45a1dc8-9917-46af-a8de-d34d09c5cbf5";
				PROVISIONING_PROFILE_SPECIFIER = "Development Wildcard";
				SWIFT_VERSION = 3.0;
			};
			name = Release;
		};
		081B3C911E2115310086D1CE /* Debug */ = {
			isa = XCBuildConfiguration;
			baseConfigurationReference = 92F50F54E8425D29A53AEF62 /* Pods-CodeChallengeTests.debug.xcconfig */;
			buildSettings = {
				ALWAYS_EMBED_SWIFT_STANDARD_LIBRARIES = YES;
				BUNDLE_LOADER = "$(TEST_HOST)";
				INFOPLIST_FILE = CodeChallengeTests/Info.plist;
				LD_RUNPATH_SEARCH_PATHS = "$(inherited) @executable_path/Frameworks @loader_path/Frameworks";
				PRODUCT_BUNDLE_IDENTIFIER = com.coderpug.CodeChallengeTests;
				PRODUCT_NAME = "$(TARGET_NAME)";
				SWIFT_VERSION = 3.0;
				TEST_HOST = "$(BUILT_PRODUCTS_DIR)/CodeChallenge.app/CodeChallenge";
			};
			name = Debug;
		};
		081B3C921E2115310086D1CE /* Release */ = {
			isa = XCBuildConfiguration;
			baseConfigurationReference = B37DB2FA05507FE82BDAA6C5 /* Pods-CodeChallengeTests.release.xcconfig */;
			buildSettings = {
				ALWAYS_EMBED_SWIFT_STANDARD_LIBRARIES = YES;
				BUNDLE_LOADER = "$(TEST_HOST)";
				INFOPLIST_FILE = CodeChallengeTests/Info.plist;
				LD_RUNPATH_SEARCH_PATHS = "$(inherited) @executable_path/Frameworks @loader_path/Frameworks";
				PRODUCT_BUNDLE_IDENTIFIER = com.coderpug.CodeChallengeTests;
				PRODUCT_NAME = "$(TARGET_NAME)";
				SWIFT_VERSION = 3.0;
				TEST_HOST = "$(BUILT_PRODUCTS_DIR)/CodeChallenge.app/CodeChallenge";
			};
			name = Release;
		};
/* End XCBuildConfiguration section */

/* Begin XCConfigurationList section */
		081B3C6B1E2115300086D1CE /* Build configuration list for PBXProject "CodeChallenge" */ = {
			isa = XCConfigurationList;
			buildConfigurations = (
				081B3C8B1E2115310086D1CE /* Debug */,
				081B3C8C1E2115310086D1CE /* Release */,
			);
			defaultConfigurationIsVisible = 0;
			defaultConfigurationName = Release;
		};
		081B3C8D1E2115310086D1CE /* Build configuration list for PBXNativeTarget "CodeChallenge" */ = {
			isa = XCConfigurationList;
			buildConfigurations = (
				081B3C8E1E2115310086D1CE /* Debug */,
				081B3C8F1E2115310086D1CE /* Release */,
			);
			defaultConfigurationIsVisible = 0;
			defaultConfigurationName = Release;
		};
		081B3C901E2115310086D1CE /* Build configuration list for PBXNativeTarget "CodeChallengeTests" */ = {
			isa = XCConfigurationList;
			buildConfigurations = (
				081B3C911E2115310086D1CE /* Debug */,
				081B3C921E2115310086D1CE /* Release */,
			);
			defaultConfigurationIsVisible = 0;
			defaultConfigurationName = Release;
		};
/* End XCConfigurationList section */
	};
	rootObject = 081B3C681E2115300086D1CE /* Project object */;
}
